{
  "name": "finger-shell-hinge-scad-render",
  "version": "1.0.0",
  "lockfileVersion": 3,
  "requires": true,
  "packages": {
    "": {
      "name": "finger-shell-hinge-scad-render",
      "version": "1.0.0",
      "dependencies": {
        "openscad-wasm-prebuilt": "^1.2.0"
      }
    },
    "node_modules/openscad-wasm-prebuilt": {
      "version": "1.2.0",
      "resolved": "https://registry.npmjs.org/openscad-wasm-prebuilt/-/openscad-wasm-prebuilt-1.2.0.tgz",
      "integrity": "sha512-JfXJlopHVHvsYiVYUKYDXkg8yOkABm8zclo8zPrSRBeeICR+fitesO6NRwBdAzSdbtOYh6Scmuz/XLyhllbzYA==",
      "license": "GPL-2.0-or-later"
    }
  }
}
